// !$*UTF8*$!
{
	archiveVersion = 1;
	classes = {
	};
	objectVersion = 70;
	objects = {

/* Begin PBXBuildFile section */
		65F587B52F4D20B600BF2AF0 /* UserJot in Frameworks */ = {isa = PBXBuildFile; productRef = 65F587B42F4D20B600BF2AF0 /* UserJot */; };
		A1B2C3D42F47000100000001 /* FirebaseAuth in Frameworks */ = {isa = PBXBuildFile; productRef = A1B2C3E02F47000100000001 /* FirebaseAuth */; };
		A1B2C3D52F47000100000002 /* FirebaseFirestore in Frameworks */ = {isa = PBXBuildFile; productRef = A1B2C3E12F47000100000001 /* FirebaseFirestore */; };
		A1B2C3D62F47000100000003 /* FirebaseStorage in Frameworks */ = {isa = PBXBuildFile; productRef = A1B2C3E22F47000100000001 /* FirebaseStorage */; };
		A1B2C3D72F47000100000004 /* FirebaseMessaging in Frameworks */ = {isa = PBXBuildFile; productRef = A1B2C3E32F47000100000001 /* FirebaseMessaging */; };
		A1B2C3D82F47000100000005 /* FirebaseCore in Frameworks */ = {isa = PBXBuildFile; productRef = A1B2C3E42F47000100000001 /* FirebaseCore */; };
		A1B2C3D92F47000100000006 /* FirebaseDynamicLinks in Frameworks */ = {isa = PBXBuildFile; productRef = A1B2C3E52F47000100000001 /* FirebaseDynamicLinks */; };
		A1B2C3DA2F47000100000007 /* Kingfisher in Frameworks */ = {isa = PBXBuildFile; productRef = A1B2C3E62F47000100000001 /* Kingfisher */; };
		A1B2C3DB2F47000100000008 /* FirebaseFunctions in Frameworks */ = {isa = PBXBuildFile; productRef = A1B2C3E82F47000100000001 /* FirebaseFunctions */; };
		A1B2C3DC2F47000100000009 /* HealthKit.framework in Frameworks */ = {isa = PBXBuildFile; fileRef = A1B2C3DD2F47000100000009 /* HealthKit.framework */; };
/* End PBXBuildFile section */

/* Begin PBXFileReference section */
		A1B2C3C02F47000100000000 /* CareCircle.app */ = {isa = PBXFileReference; explicitFileType = wrapper.application; includeInIndex = 0; path = CareCircle.app; sourceTree = BUILT_PRODUCTS_DIR; };
		A1B2C3DD2F47000100000009 /* HealthKit.framework */ = {isa = PBXFileReference; lastKnownFileType = wrapper.framework; path = HealthKit.framework; sourceTree = SDKROOT; };
/* End PBXFileReference section */

/* Begin PBXFileSystemSynchronizedRootGroup section */
		A1B2C3C22F47000100000001 /* CareCircle */ = {isa = PBXFileSystemSynchronizedRootGroup; explicitFileTypes = {}; explicitFolders = (); path = CareCircle; sourceTree = "<group>"; };
/* End PBXFileSystemSynchronizedRootGroup section */

/* Begin PBXFrameworksBuildPhase section */
		A1B2C3BD2F47000100000000 /* Frameworks */ = {
			isa = PBXFrameworksBuildPhase;
			buildActionMask = 2147483647;
			files = (
				A1B2C3D42F47000100000001 /* FirebaseAuth in Frameworks */,
				A1B2C3D52F47000100000002 /* FirebaseFirestore in Frameworks */,
				A1B2C3D62F47000100000003 /* FirebaseStorage in Frameworks */,
				65F587B52F4D20B600BF2AF0 /* UserJot in Frameworks */,
				A1B2C3D72F47000100000004 /* FirebaseMessaging in Frameworks */,
				A1B2C3D82F47000100000005 /* FirebaseCore in Frameworks */,
				A1B2C3D92F47000100000006 /* FirebaseDynamicLinks in Frameworks */,
				A1B2C3DA2F47000100000007 /* Kingfisher in Frameworks */,
				A1B2C3DB2F47000100000008 /* FirebaseFunctions in Frameworks */,
				A1B2C3DC2F47000100000009 /* HealthKit.framework in Frameworks */,
			);
			runOnlyForDeploymentPostprocessing = 0;
		};
/* End PBXFrameworksBuildPhase section */

/* Begin PBXGroup section */
		65F5838D2F4C157A00BF2AF0 /* Recovered References */ = {
			isa = PBXGroup;
			children = (
				A1B2C3DD2F47000100000009 /* HealthKit.framework */,
			);
			name = "Recovered References";
			sourceTree = "<group>";
		};
		A1B2C3B72F47000100000000 = {
			isa = PBXGroup;
			children = (
				A1B2C3C22F47000100000001 /* CareCircle */,
				A1B2C3C12F47000100000000 /* Products */,
				65F5838D2F4C157A00BF2AF0 /* Recovered References */,
			);
			sourceTree = "<group>";
		};
		A1B2C3C12F47000100000000 /* Products */ = {
			isa = PBXGroup;
			children = (
				A1B2C3C02F47000100000000 /* CareCircle.app */,
			);
			name = Products;
			sourceTree = "<group>";
		};
/* End PBXGroup section */

/* Begin PBXNativeTarget section */
		A1B2C3BF2F47000100000000 /* CareCircle */ = {
			isa = PBXNativeTarget;
			buildConfigurationList = A1B2C3CB2F47000100000000 /* Build configuration list for PBXNativeTarget "CareCircle" */;
			buildPhases = (
				A1B2C3BC2F47000100000000 /* Sources */,
				A1B2C3BD2F47000100000000 /* Frameworks */,
				A1B2C3BE2F47000100000000 /* Resources */,
			);
			buildRules = (
			);
			dependencies = (
			);
			fileSystemSynchronizedGroups = (
				A1B2C3C22F47000100000001 /* CareCircle */,
			);
			name = CareCircle;
			packageProductDependencies = (
				A1B2C3E02F47000100000001 /* FirebaseAuth */,
				A1B2C3E12F47000100000001 /* FirebaseFirestore */,
				A1B2C3E22F47000100000001 /* FirebaseStorage */,
				A1B2C3E32F47000100000001 /* FirebaseMessaging */,
				A1B2C3E42F47000100000001 /* FirebaseCore */,
				A1B2C3E52F47000100000001 /* FirebaseDynamicLinks */,
				A1B2C3E62F47000100000001 /* Kingfisher */,
				A1B2C3E82F47000100000001 /* FirebaseFunctions */,
				65F587B42F4D20B600BF2AF0 /* UserJot */,
			);
			productName = CareCircle;
			productReference = A1B2C3C02F47000100000000 /* CareCircle.app */;
			productType = "com.apple.product-type.application";
		};
/* End PBXNativeTarget section */

/* Begin PBXProject section */
		A1B2C3B82F47000100000000 /* Project object */ = {
			isa = PBXProject;
			attributes = {
				BuildIndependentTargetsInParallel = 1;
				LastSwiftUpdateCheck = 1500;
				LastUpgradeCheck = 2620;
				TargetAttributes = {
					A1B2C3BF2F47000100000000 = {
						CreatedOnToolsVersion = 15.0;
					};
				};
			};
			buildConfigurationList = A1B2C3BB2F47000100000000 /* Build configuration list for PBXProject "CareCircle" */;
			compatibilityVersion = "Xcode 14.0";
			developmentRegion = en;
			hasScannedForEncodings = 0;
			knownRegions = (
				en,
				Base,
			);
			mainGroup = A1B2C3B72F47000100000000;
			packageReferences = (
				A1B2C3DF2F47000100000001 /* XCRemoteSwiftPackageReference "firebase-ios-sdk" */,
				A1B2C3E72F47000100000001 /* XCRemoteSwiftPackageReference "Kingfisher" */,
				65F587B32F4D20B600BF2AF0 /* XCRemoteSwiftPackageReference "userjot-ios" */,
			);
			productRefGroup = A1B2C3C12F47000100000000 /* Products */;
			projectDirPath = "";
			projectRoot = "";
			targets = (
				A1B2C3BF2F47000100000000 /* CareCircle */,
			);
		};
/* End PBXProject section */

/* Begin PBXResourcesBuildPhase section */
		A1B2C3BE2F47000100000000 /* Resources */ = {
			isa = PBXResourcesBuildPhase;
			buildActionMask = 2147483647;
			files = (
			);
			runOnlyForDeploymentPostprocessing = 0;
		};
/* End PBXResourcesBuildPhase section */

/* Begin PBXSourcesBuildPhase section */
		A1B2C3BC2F47000100000000 /* Sources */ = {
			isa = PBXSourcesBuildPhase;
			buildActionMask = 2147483647;
			files = (
			);
			runOnlyForDeploymentPostprocessing = 0;
		};
/* End PBXSourcesBuildPhase section */

/* Begin XCBuildConfiguration section */
		A1B2C3B92F47000100000000 /* Debug */ = {
			isa = XCBuildConfiguration;
			buildSettings = {
				ALWAYS_SEARCH_USER_PATHS = NO;
				ASSETCATALOG_COMPILER_GENERATE_SWIFT_ASSET_SYMBOL_EXTENSIONS = YES;
				CLANG_ANALYZER_NONNULL = YES;
				CLANG_CXX_LANGUAGE_STANDARD = "gnu++20";
				CLANG_ENABLE_MODULES = YES;
				CLANG_ENABLE_OBJC_ARC = YES;
				CLANG_WARN_BLOCK_CAPTURE_AUTORELEASING = YES;
				CLANG_WARN_BOOL_CONVERSION = YES;
				CLANG_WARN_COMMA = YES;
				CLANG_WARN_CONSTANT_CONVERSION = YES;
				CLANG_WARN_DEPRECATED_OBJC_IMPLEMENTATIONS = YES;
				CLANG_WARN_EMPTY_BODY = YES;
				CLANG_WARN_ENUM_CONVERSION = YES;
				CLANG_WARN_INFINITE_RECURSION = YES;
				CLANG_WARN_INT_CONVERSION = YES;
				CLANG_WARN_NON_LITERAL_NULL_CONVERSION = YES;
				CLANG_WARN_OBJC_IMPLICIT_RETAIN_SELF = YES;
				CLANG_WARN_OBJC_LITERAL_CONVERSION = YES;
				CLANG_WARN_QUOTED_INCLUDE_IN_FRAMEWORK_HEADER = YES;
				CLANG_WARN_RANGE_LOOP_ANALYSIS = YES;
				CLANG_WARN_STRICT_PROTOTYPES = YES;
				CLANG_WARN_SUSPICIOUS_MOVE = YES;
				CLANG_WARN_UNREACHABLE_CODE = YES;
				CLANG_WARN__DUPLICATE_METHOD_MATCH = YES;
				COPY_PHASE_STRIP = NO;
				DEAD_CODE_STRIPPING = YES;
				DEBUG_INFORMATION_FORMAT = dwarf;
				DEVELOPMENT_TEAM = Z7K9EEP8L4;
				ENABLE_STRICT_OBJC_MSGSEND = YES;
				ENABLE_TESTABILITY = YES;
				ENABLE_USER_SCRIPT_SANDBOXING = YES;
				GCC_C_LANGUAGE_STANDARD = gnu17;
				GCC_DYNAMIC_NO_PIC = NO;
				GCC_NO_COMMON_BLOCKS = YES;
				GCC_OPTIMIZATION_LEVEL = 0;
				GCC_WARN_64_TO_32_BIT_CONVERSION = YES;
				GCC_WARN_ABOUT_RETURN_TYPE = YES;
				GCC_WARN_UNDECLARED_SELECTOR = YES;
				GCC_WARN_UNINITIALIZED_AUTOS = YES;
				GCC_WARN_UNUSED_FUNCTION = YES;
				GCC_WARN_UNUSED_VARIABLE = YES;
				LOCALIZATION_PREFERS_STRING_CATALOGS = YES;
				MTL_ENABLE_DEBUG_INFO = INCLUDE_SOURCE;
				MTL_FAST_MATH = YES;
				ONLY_ACTIVE_ARCH = YES;
				STRING_CATALOG_GENERATE_SYMBOLS = YES;
				SWIFT_ACTIVE_COMPILATION_CONDITIONS = "DEBUG $(inherited)";
				SWIFT_OPTIMIZATION_LEVEL = "-Onone";
			};
			name = Debug;
		};
		A1B2C3BA2F47000100000000 /* Release */ = {
			isa = XCBuildConfiguration;
			buildSettings = {
				ALWAYS_SEARCH_USER_PATHS = NO;
				ASSETCATALOG_COMPILER_GENERATE_SWIFT_ASSET_SYMBOL_EXTENSIONS = YES;
				CLANG_ANALYZER_NONNULL = YES;
				CLANG_CXX_LANGUAGE_STANDARD = "gnu++20";
				CLANG_ENABLE_MODULES = YES;
				CLANG_ENABLE_OBJC_ARC = YES;
				CLANG_WARN_BLOCK_CAPTURE_AUTORELEASING = YES;
				CLANG_WARN_BOOL_CONVERSION = YES;
				CLANG_WARN_COMMA = YES;
				CLANG_WARN_CONSTANT_CONVERSION = YES;
				CLANG_WARN_DEPRECATED_OBJC_IMPLEMENTATIONS = YES;
				CLANG_WARN_EMPTY_BODY = YES;
				CLANG_WARN_ENUM_CONVERSION = YES;
				CLANG_WARN_INFINITE_RECURSION = YES;
				CLANG_WARN_INT_CONVERSION = YES;
				CLANG_WARN_NON_LITERAL_NULL_CONVERSION = YES;
				CLANG_WARN_OBJC_IMPLICIT_RETAIN_SELF = YES;
				CLANG_WARN_OBJC_LITERAL_CONVERSION = YES;
				CLANG_WARN_QUOTED_INCLUDE_IN_FRAMEWORK_HEADER = YES;
				CLANG_WARN_RANGE_LOOP_ANALYSIS = YES;
				CLANG_WARN_STRICT_PROTOTYPES = YES;
				CLANG_WARN_SUSPICIOUS_MOVE = YES;
				CLANG_WARN_UNREACHABLE_CODE = YES;
				CLANG_WARN__DUPLICATE_METHOD_MATCH = YES;
				COPY_PHASE_STRIP = NO;
				DEAD_CODE_STRIPPING = YES;
				DEBUG_INFORMATION_FORMAT = "dwarf-with-dsym";
				DEVELOPMENT_TEAM = Z7K9EEP8L4;
				ENABLE_NS_ASSERTIONS = NO;
				ENABLE_STRICT_OBJC_MSGSEND = YES;
				ENABLE_USER_SCRIPT_SANDBOXING = YES;
				GCC_C_LANGUAGE_STANDARD = gnu17;
				GCC_NO_COMMON_BLOCKS = YES;
				GCC_WARN_64_TO_32_BIT_CONVERSION = YES;
				GCC_WARN_ABOUT_RETURN_TYPE = YES;
				GCC_WARN_UNDECLARED_SELECTOR = YES;
				GCC_WARN_UNINITIALIZED_AUTOS = YES;
				GCC_WARN_UNUSED_FUNCTION = YES;
				GCC_WARN_UNUSED_VARIABLE = YES;
				LOCALIZATION_PREFERS_STRING_CATALOGS = YES;
				MTL_ENABLE_DEBUG_INFO = NO;
				MTL_FAST_MATH = YES;
				STRING_CATALOG_GENERATE_SYMBOLS = YES;
				SWIFT_COMPILATION_MODE = wholemodule;
			};
			name = Release;
		};
		A1B2C3CC2F47000100000000 /* Debug */ = {
			isa = XCBuildConfiguration;
			buildSettings = {
				ASSETCATALOG_COMPILER_APPICON_NAME = AppIcon;
				ASSETCATALOG_COMPILER_GLOBAL_ACCENT_COLOR_NAME = AccentColor;
				CODE_SIGN_STYLE = Automatic;
				CURRENT_PROJECT_VERSION = 1;
				DEAD_CODE_STRIPPING = YES;
				GENERATE_INFOPLIST_FILE = YES;
				INFOPLIST_FILE = Info.plist;
				INFOPLIST_KEY_CFBundleDisplayName = "Care Circle";
				INFOPLIST_KEY_LSApplicationCategoryType = "public.app-category.healthcare-fitness";
				INFOPLIST_KEY_UIApplicationSceneManifest_Generation = YES;
				INFOPLIST_KEY_UILaunchScreen_Generation = YES;
				INFOPLIST_KEY_UISupportedInterfaceOrientations_iPad = "UIInterfaceOrientationPortrait UIInterfaceOrientationPortraitUpsideDown UIInterfaceOrientationLandscapeLeft UIInterfaceOrientationLandscapeRight";
				INFOPLIST_KEY_UISupportedInterfaceOrientations_iPhone = UIInterfaceOrientationPortrait;
				IPHONEOS_DEPLOYMENT_TARGET = 16.0;
				LD_RUNPATH_SEARCH_PATHS = (
					"$(inherited)",
					"@executable_path/Frameworks",
				);
				MARKETING_VERSION = 1.0;
				PRODUCT_BUNDLE_IDENTIFIER = codezerolabs.app.CareCircle;
				PRODUCT_NAME = "$(TARGET_NAME)";
				SUPPORTED_PLATFORMS = "iphoneos iphonesimulator";
				SUPPORTS_MACCATALYST = NO;
				SWIFT_EMIT_LOC_STRINGS = YES;
				SWIFT_STRICT_CONCURRENCY = minimal;
				SWIFT_VERSION = 6.0;
				TARGETED_DEVICE_FAMILY = "1,2";
			};
			name = Debug;
		};
		A1B2C3CD2F47000100000000 /* Release */ = {
			isa = XCBuildConfiguration;
			buildSettings = {
				ASSETCATALOG_COMPILER_APPICON_NAME = AppIcon;
				ASSETCATALOG_COMPILER_GLOBAL_ACCENT_COLOR_NAME = AccentColor;
				CODE_SIGN_STYLE = Automatic;
				CURRENT_PROJECT_VERSION = 1;
				DEAD_CODE_STRIPPING = YES;
				GENERATE_INFOPLIST_FILE = YES;
				INFOPLIST_FILE = Info.plist;
				INFOPLIST_KEY_CFBundleDisplayName = "Care Circle";
				INFOPLIST_KEY_LSApplicationCategoryType = "public.app-category.healthcare-fitness";
				INFOPLIST_KEY_UIApplicationSceneManifest_Generation = YES;
				INFOPLIST_KEY_UILaunchScreen_Generation = YES;
				INFOPLIST_KEY_UISupportedInterfaceOrientations_iPad = "UIInterfaceOrientationPortrait UIInterfaceOrientationPortraitUpsideDown UIInterfaceOrientationLandscapeLeft UIInterfaceOrientationLandscapeRight";
				INFOPLIST_KEY_UISupportedInterfaceOrientations_iPhone = UIInterfaceOrientationPortrait;
				IPHONEOS_DEPLOYMENT_TARGET = 16.0;
				LD_RUNPATH_SEARCH_PATHS = (
					"$(inherited)",
					"@executable_path/Frameworks",
				);
				MARKETING_VERSION = 1.0;
				PRODUCT_BUNDLE_IDENTIFIER = codezerolabs.app.CareCircle;
				PRODUCT_NAME = "$(TARGET_NAME)";
				SUPPORTED_PLATFORMS = "iphoneos iphonesimulator";
				SUPPORTS_MACCATALYST = NO;
				SWIFT_EMIT_LOC_STRINGS = YES;
				SWIFT_STRICT_CONCURRENCY = minimal;
				SWIFT_VERSION = 6.0;
				TARGETED_DEVICE_FAMILY = "1,2";
			};
			name = Release;
		};
/* End XCBuildConfiguration section */

/* Begin XCConfigurationList section */
		A1B2C3BB2F47000100000000 /* Build configuration list for PBXProject "CareCircle" */ = {
			isa = XCConfigurationList;
			buildConfigurations = (
				A1B2C3B92F47000100000000 /* Debug */,
				A1B2C3BA2F47000100000000 /* Release */,
			);
			defaultConfigurationIsVisible = 0;
			defaultConfigurationName = Release;
		};
		A1B2C3CB2F47000100000000 /* Build configuration list for PBXNativeTarget "CareCircle" */ = {
			isa = XCConfigurationList;
			buildConfigurations = (
				A1B2C3CC2F47000100000000 /* Debug */,
				A1B2C3CD2F47000100000000 /* Release */,
			);
			defaultConfigurationIsVisible = 0;
			defaultConfigurationName = Release;
		};
/* End XCConfigurationList section */

/* Begin XCRemoteSwiftPackageReference section */
		65F587B32F4D20B600BF2AF0 /* XCRemoteSwiftPackageReference "userjot-ios" */ = {
			isa = XCRemoteSwiftPackageReference;
			repositoryURL = "https://github.com/UserJot/userjot-ios";
			requirement = {
				kind = upToNextMajorVersion;
				minimumVersion = 0.3.0;
			};
		};
		A1B2C3DF2F47000100000001 /* XCRemoteSwiftPackageReference "firebase-ios-sdk" */ = {
			isa = XCRemoteSwiftPackageReference;
			repositoryURL = "https://github.com/firebase/firebase-ios-sdk.git";
			requirement = {
				kind = upToNextMajorVersion;
				minimumVersion = 11.0.0;
			};
		};
		A1B2C3E72F47000100000001 /* XCRemoteSwiftPackageReference "Kingfisher" */ = {
			isa = XCRemoteSwiftPackageReference;
			repositoryURL = "https://github.com/onevcat/Kingfisher.git";
			requirement = {
				kind = upToNextMajorVersion;
				minimumVersion = 8.0.0;
			};
		};
/* End XCRemoteSwiftPackageReference section */

/* Begin XCSwiftPackageProductDependency section */
		65F587B42F4D20B600BF2AF0 /* UserJot */ = {
			isa = XCSwiftPackageProductDependency;
			package = 65F587B32F4D20B600BF2AF0 /* XCRemoteSwiftPackageReference "userjot-ios" */;
			productName = UserJot;
		};
		A1B2C3E02F47000100000001 /* FirebaseAuth */ = {
			isa = XCSwiftPackageProductDependency;
			package = A1B2C3DF2F47000100000001 /* XCRemoteSwiftPackageReference "firebase-ios-sdk" */;
			productName = FirebaseAuth;
		};
		A1B2C3E12F47000100000001 /* FirebaseFirestore */ = {
			isa = XCSwiftPackageProductDependency;
			package = A1B2C3DF2F47000100000001 /* XCRemoteSwiftPackageReference "firebase-ios-sdk" */;
			productName = FirebaseFirestore;
		};
		A1B2C3E22F47000100000001 /* FirebaseStorage */ = {
			isa = XCSwiftPackageProductDependency;
			package = A1B2C3DF2F47000100000001 /* XCRemoteSwiftPackageReference "firebase-ios-sdk" */;
			productName = FirebaseStorage;
		};
		A1B2C3E32F47000100000001 /* FirebaseMessaging */ = {
			isa = XCSwiftPackageProductDependency;
			package = A1B2C3DF2F47000100000001 /* XCRemoteSwiftPackageReference "firebase-ios-sdk" */;
			productName = FirebaseMessaging;
		};
		A1B2C3E42F47000100000001 /* FirebaseCore */ = {
			isa = XCSwiftPackageProductDependency;
			package = A1B2C3DF2F47000100000001 /* XCRemoteSwiftPackageReference "firebase-ios-sdk" */;
			productName = FirebaseCore;
		};
		A1B2C3E52F47000100000001 /* FirebaseDynamicLinks */ = {
			isa = XCSwiftPackageProductDependency;
			package = A1B2C3DF2F47000100000001 /* XCRemoteSwiftPackageReference "firebase-ios-sdk" */;
			productName = FirebaseDynamicLinks;
		};
		A1B2C3E62F47000100000001 /* Kingfisher */ = {
			isa = XCSwiftPackageProductDependency;
			package = A1B2C3E72F47000100000001 /* XCRemoteSwiftPackageReference "Kingfisher" */;
			productName = Kingfisher;
		};
		A1B2C3E82F47000100000001 /* FirebaseFunctions */ = {
			isa = XCSwiftPackageProductDependency;
			package = A1B2C3DF2F47000100000001 /* XCRemoteSwiftPackageReference "firebase-ios-sdk" */;
			productName = FirebaseFunctions;
		};
/* End XCSwiftPackageProductDependency section */
	};
	rootObject = A1B2C3B82F47000100000000 /* Project object */;
}
